// !$*UTF8*$!
{
	archiveVersion = 1;
	classes = {
	};
	objectVersion = 56;
	objects = {

/* Begin PBXBuildFile section */
		F017EC4C2A76693A00DF279F /* AppDelegate.swift in Sources */ = {isa = PBXBuildFile; fileRef = F017EC4B2A76693A00DF279F /* AppDelegate.swift */; };
		F017EC4E2A76693A00DF279F /* SceneDelegate.swift in Sources */ = {isa = PBXBuildFile; fileRef = F017EC4D2A76693A00DF279F /* SceneDelegate.swift */; };
		F017EC502A76693A00DF279F /* ImagesListViewController.swift in Sources */ = {isa = PBXBuildFile; fileRef = F017EC4F2A76693A00DF279F /* ImagesListViewController.swift */; };
		F017EC532A76693A00DF279F /* Main.storyboard in Resources */ = {isa = PBXBuildFile; fileRef = F017EC512A76693A00DF279F /* Main.storyboard */; };
		F017EC552A76693D00DF279F /* Assets.xcassets in Resources */ = {isa = PBXBuildFile; fileRef = F017EC542A76693D00DF279F /* Assets.xcassets */; };
		F017EC582A76693D00DF279F /* LaunchScreen.storyboard in Resources */ = {isa = PBXBuildFile; fileRef = F017EC562A76693D00DF279F /* LaunchScreen.storyboard */; };
		F064B85B2AA3C87300C009A9 /* AuthConfiguration.swift in Sources */ = {isa = PBXBuildFile; fileRef = F064B85A2AA3C87300C009A9 /* AuthConfiguration.swift */; };
		F064B85E2AA3D34A00C009A9 /* AuthViewController.swift in Sources */ = {isa = PBXBuildFile; fileRef = F064B85D2AA3D34A00C009A9 /* AuthViewController.swift */; };
		F064B8602AA3D4D400C009A9 /* WebViewViewController.swift in Sources */ = {isa = PBXBuildFile; fileRef = F064B85F2AA3D4D400C009A9 /* WebViewViewController.swift */; };
		F064B8622AA783D800C009A9 /* OAuthTokenResponseBody.swift in Sources */ = {isa = PBXBuildFile; fileRef = F064B8612AA783D800C009A9 /* OAuthTokenResponseBody.swift */; };
		F064B8642AA7857500C009A9 /* OAuth2Service.swift in Sources */ = {isa = PBXBuildFile; fileRef = F064B8632AA7857500C009A9 /* OAuth2Service.swift */; };
		F064B8662AA790DF00C009A9 /* URLRequest+Extensions.swift in Sources */ = {isa = PBXBuildFile; fileRef = F064B8652AA790DF00C009A9 /* URLRequest+Extensions.swift */; };
		F064B8682AA7938B00C009A9 /* URLSession+Extensions.swift in Sources */ = {isa = PBXBuildFile; fileRef = F064B8672AA7938B00C009A9 /* URLSession+Extensions.swift */; };
		F064B86A2AA7B3DC00C009A9 /* OAuth2TokenStorage.swift in Sources */ = {isa = PBXBuildFile; fileRef = F064B8692AA7B3DC00C009A9 /* OAuth2TokenStorage.swift */; };
		F064B86C2AA9080F00C009A9 /* SplashViewController.swift in Sources */ = {isa = PBXBuildFile; fileRef = F064B86B2AA9080F00C009A9 /* SplashViewController.swift */; };
		F064B8702AB375E200C009A9 /* ProgressHUD in Frameworks */ = {isa = PBXBuildFile; productRef = F064B86F2AB375E200C009A9 /* ProgressHUD */; };
		F064B8722AB7695A00C009A9 /* UIBlockingProgressHUD.swift in Sources */ = {isa = PBXBuildFile; fileRef = F064B8712AB7695900C009A9 /* UIBlockingProgressHUD.swift */; };
		F064B8742AB77E5C00C009A9 /* ProfileService.swift in Sources */ = {isa = PBXBuildFile; fileRef = F064B8732AB77E5C00C009A9 /* ProfileService.swift */; };
		F064B8772ABA142700C009A9 /* Profile.swift in Sources */ = {isa = PBXBuildFile; fileRef = F064B8762ABA142700C009A9 /* Profile.swift */; };
		F064B8792ABA146C00C009A9 /* ProfileResult.swift in Sources */ = {isa = PBXBuildFile; fileRef = F064B8782ABA146C00C009A9 /* ProfileResult.swift */; };
		F064B87B2ABA210900C009A9 /* ProfileImageService.swift in Sources */ = {isa = PBXBuildFile; fileRef = F064B87A2ABA210900C009A9 /* ProfileImageService.swift */; };
		F064B87E2ABCA70200C009A9 /* Kingfisher in Frameworks */ = {isa = PBXBuildFile; productRef = F064B87D2ABCA70200C009A9 /* Kingfisher */; };
		F064B8812ABCBF7600C009A9 /* SwiftKeychainWrapper in Frameworks */ = {isa = PBXBuildFile; productRef = F064B8802ABCBF7600C009A9 /* SwiftKeychainWrapper */; };
		F064B8832AC07C5200C009A9 /* TabBarController.swift in Sources */ = {isa = PBXBuildFile; fileRef = F064B8822AC07C5200C009A9 /* TabBarController.swift */; };
		F0B99D962AC48A27004A5E28 /* ImageListService.swift in Sources */ = {isa = PBXBuildFile; fileRef = F0B99D952AC48A27004A5E28 /* ImageListService.swift */; };
		F0B99D982AC48D58004A5E28 /* Photo.swift in Sources */ = {isa = PBXBuildFile; fileRef = F0B99D972AC48D58004A5E28 /* Photo.swift */; };
		F0B99D9A2AC4AFF2004A5E28 /* PhotoResult.swift in Sources */ = {isa = PBXBuildFile; fileRef = F0B99D992AC4AFF2004A5E28 /* PhotoResult.swift */; };
		F0B99D9C2AC4B0DA004A5E28 /* UrlsResult.swift in Sources */ = {isa = PBXBuildFile; fileRef = F0B99D9B2AC4B0DA004A5E28 /* UrlsResult.swift */; };
		F0B99DAB2AD34268004A5E28 /* SinglePhoto.swift in Sources */ = {isa = PBXBuildFile; fileRef = F0B99DAA2AD34267004A5E28 /* SinglePhoto.swift */; };
		F0B99DAE2AD45CE8004A5E28 /* AlertPresenter.swift in Sources */ = {isa = PBXBuildFile; fileRef = F0B99DAD2AD45CE8004A5E28 /* AlertPresenter.swift */; };
		F0B99DB02AD45DAD004A5E28 /* AlertModel.swift in Sources */ = {isa = PBXBuildFile; fileRef = F0B99DAF2AD45DAD004A5E28 /* AlertModel.swift */; };
		F0B99DB22AD5DBE6004A5E28 /* CookieService.swift in Sources */ = {isa = PBXBuildFile; fileRef = F0B99DB12AD5DBE6004A5E28 /* CookieService.swift */; };
		F0B99DB42ADEE323004A5E28 /* ImageFeedDateFormatter.swift in Sources */ = {isa = PBXBuildFile; fileRef = F0B99DB32ADEE323004A5E28 /* ImageFeedDateFormatter.swift */; };
		F0B99DB62AE54506004A5E28 /* WebViewPresenter.swift in Sources */ = {isa = PBXBuildFile; fileRef = F0B99DB52AE54506004A5E28 /* WebViewPresenter.swift */; };
		F0B99DBA2AE59933004A5E28 /* AuthHelper.swift in Sources */ = {isa = PBXBuildFile; fileRef = F0B99DB92AE59933004A5E28 /* AuthHelper.swift */; };
		F0B99DC22AE5A1D5004A5E28 /* WebViewTests.swift in Sources */ = {isa = PBXBuildFile; fileRef = F0B99DC12AE5A1D4004A5E28 /* WebViewTests.swift */; };
		F0B99DD02AE6CC5B004A5E28 /* WebViewViewControllerSpy.swift in Sources */ = {isa = PBXBuildFile; fileRef = F0B99DCA2AE5AAC5004A5E28 /* WebViewViewControllerSpy.swift */; };
		F0B99DD12AE6CC61004A5E28 /* WebViewPresenterSpy.swift in Sources */ = {isa = PBXBuildFile; fileRef = F0B99DC82AE5A52D004A5E28 /* WebViewPresenterSpy.swift */; };
		F0B99DD32AE8258D004A5E28 /* ProfilePresenter.swift in Sources */ = {isa = PBXBuildFile; fileRef = F0B99DD22AE8258D004A5E28 /* ProfilePresenter.swift */; };
		F0B99DD52AE84C0D004A5E28 /* ProfileViewTests.swift in Sources */ = {isa = PBXBuildFile; fileRef = F0B99DD42AE84C0D004A5E28 /* ProfileViewTests.swift */; };
		F0B99DD72AE851D6004A5E28 /* ProfilePresenterSpy.swift in Sources */ = {isa = PBXBuildFile; fileRef = F0B99DD62AE851D6004A5E28 /* ProfilePresenterSpy.swift */; };
		F0B99DD92AE97E21004A5E28 /* ProfileViewControllerSpy.swift in Sources */ = {isa = PBXBuildFile; fileRef = F0B99DD82AE97E21004A5E28 /* ProfileViewControllerSpy.swift */; };
		F0B99DDD2AEAD558004A5E28 /* ImageListPresenter.swift in Sources */ = {isa = PBXBuildFile; fileRef = F0B99DDC2AEAD558004A5E28 /* ImageListPresenter.swift */; };
		F0C8BDD12A79733400CE3EEA /* UIColor+Extensions.swift in Sources */ = {isa = PBXBuildFile; fileRef = F0C8BDD02A79733400CE3EEA /* UIColor+Extensions.swift */; };
		F0C8BDD32A7980AC00CE3EEA /* ImagesListCell.swift in Sources */ = {isa = PBXBuildFile; fileRef = F0C8BDD22A7980AC00CE3EEA /* ImagesListCell.swift */; };
		F0C8BDD82A7ADFC900CE3EEA /* YS Display-Bold.ttf in Resources */ = {isa = PBXBuildFile; fileRef = F0C8BDD62A7ADFC800CE3EEA /* YS Display-Bold.ttf */; };
		F0C8BDD92A7ADFC900CE3EEA /* YS Display-Medium.ttf in Resources */ = {isa = PBXBuildFile; fileRef = F0C8BDD72A7ADFC800CE3EEA /* YS Display-Medium.ttf */; };
		F0C8BDDB2A7AE13E00CE3EEA /* YS Regular.ttf in Resources */ = {isa = PBXBuildFile; fileRef = F0C8BDDA2A7AE13E00CE3EEA /* YS Regular.ttf */; };
		F0E746B42A88977E003CD450 /* ProfileViewController.swift in Sources */ = {isa = PBXBuildFile; fileRef = F0E746B32A88977E003CD450 /* ProfileViewController.swift */; };
		F0E746B62A8B2512003CD450 /* SingleImageViewController.swift in Sources */ = {isa = PBXBuildFile; fileRef = F0E746B52A8B2511003CD450 /* SingleImageViewController.swift */; };
/* End PBXBuildFile section */

/* Begin PBXContainerItemProxy section */
		F0B99DC32AE5A1D5004A5E28 /* PBXContainerItemProxy */ = {
			isa = PBXContainerItemProxy;
			containerPortal = F017EC402A76693A00DF279F /* Project object */;
			proxyType = 1;
			remoteGlobalIDString = F017EC472A76693A00DF279F;
			remoteInfo = ImageFeed;
		};
/* End PBXContainerItemProxy section */

/* Begin PBXFileReference section */
		F017EC482A76693A00DF279F /* ImageFeed.app */ = {isa = PBXFileReference; explicitFileType = wrapper.application; includeInIndex = 0; path = ImageFeed.app; sourceTree = BUILT_PRODUCTS_DIR; };
		F017EC4B2A76693A00DF279F /* AppDelegate.swift */ = {isa = PBXFileReference; lastKnownFileType = sourcecode.swift; path = AppDelegate.swift; sourceTree = "<group>"; };
		F017EC4D2A76693A00DF279F /* SceneDelegate.swift */ = {isa = PBXFileReference; lastKnownFileType = sourcecode.swift; path = SceneDelegate.swift; sourceTree = "<group>"; };
		F017EC4F2A76693A00DF279F /* ImagesListViewController.swift */ = {isa = PBXFileReference; lastKnownFileType = sourcecode.swift; path = ImagesListViewController.swift; sourceTree = "<group>"; };
		F017EC522A76693A00DF279F /* Base */ = {isa = PBXFileReference; lastKnownFileType = file.storyboard; name = Base; path = Base.lproj/Main.storyboard; sourceTree = "<group>"; };
		F017EC542A76693D00DF279F /* Assets.xcassets */ = {isa = PBXFileReference; lastKnownFileType = folder.assetcatalog; path = Assets.xcassets; sourceTree = "<group>"; };
		F017EC572A76693D00DF279F /* Base */ = {isa = PBXFileReference; lastKnownFileType = file.storyboard; name = Base; path = Base.lproj/LaunchScreen.storyboard; sourceTree = "<group>"; };
		F017EC592A76693D00DF279F /* Info.plist */ = {isa = PBXFileReference; lastKnownFileType = text.plist.xml; path = Info.plist; sourceTree = "<group>"; };
		F064B85A2AA3C87300C009A9 /* AuthConfiguration.swift */ = {isa = PBXFileReference; lastKnownFileType = sourcecode.swift; path = AuthConfiguration.swift; sourceTree = "<group>"; };
		F064B85D2AA3D34A00C009A9 /* AuthViewController.swift */ = {isa = PBXFileReference; lastKnownFileType = sourcecode.swift; path = AuthViewController.swift; sourceTree = "<group>"; };
		F064B85F2AA3D4D400C009A9 /* WebViewViewController.swift */ = {isa = PBXFileReference; lastKnownFileType = sourcecode.swift; path = WebViewViewController.swift; sourceTree = "<group>"; };
		F064B8612AA783D800C009A9 /* OAuthTokenResponseBody.swift */ = {isa = PBXFileReference; lastKnownFileType = sourcecode.swift; path = OAuthTokenResponseBody.swift; sourceTree = "<group>"; };
		F064B8632AA7857500C009A9 /* OAuth2Service.swift */ = {isa = PBXFileReference; lastKnownFileType = sourcecode.swift; path = OAuth2Service.swift; sourceTree = "<group>"; };
		F064B8652AA790DF00C009A9 /* URLRequest+Extensions.swift */ = {isa = PBXFileReference; lastKnownFileType = sourcecode.swift; path = "URLRequest+Extensions.swift"; sourceTree = "<group>"; };
		F064B8672AA7938B00C009A9 /* URLSession+Extensions.swift */ = {isa = PBXFileReference; lastKnownFileType = sourcecode.swift; path = "URLSession+Extensions.swift"; sourceTree = "<group>"; };
		F064B8692AA7B3DC00C009A9 /* OAuth2TokenStorage.swift */ = {isa = PBXFileReference; lastKnownFileType = sourcecode.swift; path = OAuth2TokenStorage.swift; sourceTree = "<group>"; };
		F064B86B2AA9080F00C009A9 /* SplashViewController.swift */ = {isa = PBXFileReference; lastKnownFileType = sourcecode.swift; path = SplashViewController.swift; sourceTree = "<group>"; };
		F064B8712AB7695900C009A9 /* UIBlockingProgressHUD.swift */ = {isa = PBXFileReference; lastKnownFileType = sourcecode.swift; path = UIBlockingProgressHUD.swift; sourceTree = "<group>"; };
		F064B8732AB77E5C00C009A9 /* ProfileService.swift */ = {isa = PBXFileReference; lastKnownFileType = sourcecode.swift; path = ProfileService.swift; sourceTree = "<group>"; };
		F064B8762ABA142700C009A9 /* Profile.swift */ = {isa = PBXFileReference; lastKnownFileType = sourcecode.swift; path = Profile.swift; sourceTree = "<group>"; };
		F064B8782ABA146C00C009A9 /* ProfileResult.swift */ = {isa = PBXFileReference; lastKnownFileType = sourcecode.swift; path = ProfileResult.swift; sourceTree = "<group>"; };
		F064B87A2ABA210900C009A9 /* ProfileImageService.swift */ = {isa = PBXFileReference; lastKnownFileType = sourcecode.swift; path = ProfileImageService.swift; sourceTree = "<group>"; };
		F064B8822AC07C5200C009A9 /* TabBarController.swift */ = {isa = PBXFileReference; lastKnownFileType = sourcecode.swift; path = TabBarController.swift; sourceTree = "<group>"; };
		F0B99D952AC48A27004A5E28 /* ImageListService.swift */ = {isa = PBXFileReference; lastKnownFileType = sourcecode.swift; path = ImageListService.swift; sourceTree = "<group>"; };
		F0B99D972AC48D58004A5E28 /* Photo.swift */ = {isa = PBXFileReference; lastKnownFileType = sourcecode.swift; path = Photo.swift; sourceTree = "<group>"; };
		F0B99D992AC4AFF2004A5E28 /* PhotoResult.swift */ = {isa = PBXFileReference; lastKnownFileType = sourcecode.swift; path = PhotoResult.swift; sourceTree = "<group>"; };
		F0B99D9B2AC4B0DA004A5E28 /* UrlsResult.swift */ = {isa = PBXFileReference; lastKnownFileType = sourcecode.swift; path = UrlsResult.swift; sourceTree = "<group>"; };
		F0B99DAA2AD34267004A5E28 /* SinglePhoto.swift */ = {isa = PBXFileReference; lastKnownFileType = sourcecode.swift; path = SinglePhoto.swift; sourceTree = "<group>"; };
		F0B99DAD2AD45CE8004A5E28 /* AlertPresenter.swift */ = {isa = PBXFileReference; lastKnownFileType = sourcecode.swift; path = AlertPresenter.swift; sourceTree = "<group>"; };
		F0B99DAF2AD45DAD004A5E28 /* AlertModel.swift */ = {isa = PBXFileReference; lastKnownFileType = sourcecode.swift; path = AlertModel.swift; sourceTree = "<group>"; };
		F0B99DB12AD5DBE6004A5E28 /* CookieService.swift */ = {isa = PBXFileReference; lastKnownFileType = sourcecode.swift; path = CookieService.swift; sourceTree = "<group>"; };
		F0B99DB32ADEE323004A5E28 /* ImageFeedDateFormatter.swift */ = {isa = PBXFileReference; lastKnownFileType = sourcecode.swift; path = ImageFeedDateFormatter.swift; sourceTree = "<group>"; };
		F0B99DB52AE54506004A5E28 /* WebViewPresenter.swift */ = {isa = PBXFileReference; lastKnownFileType = sourcecode.swift; path = WebViewPresenter.swift; sourceTree = "<group>"; };
		F0B99DB92AE59933004A5E28 /* AuthHelper.swift */ = {isa = PBXFileReference; lastKnownFileType = sourcecode.swift; path = AuthHelper.swift; sourceTree = "<group>"; };
		F0B99DBF2AE5A1D4004A5E28 /* ImageFeedTests.xctest */ = {isa = PBXFileReference; explicitFileType = wrapper.cfbundle; includeInIndex = 0; path = ImageFeedTests.xctest; sourceTree = BUILT_PRODUCTS_DIR; };
		F0B99DC12AE5A1D4004A5E28 /* WebViewTests.swift */ = {isa = PBXFileReference; lastKnownFileType = sourcecode.swift; path = WebViewTests.swift; sourceTree = "<group>"; };
		F0B99DC82AE5A52D004A5E28 /* WebViewPresenterSpy.swift */ = {isa = PBXFileReference; lastKnownFileType = sourcecode.swift; path = WebViewPresenterSpy.swift; sourceTree = "<group>"; };
		F0B99DCA2AE5AAC5004A5E28 /* WebViewViewControllerSpy.swift */ = {isa = PBXFileReference; lastKnownFileType = sourcecode.swift; path = WebViewViewControllerSpy.swift; sourceTree = "<group>"; };
		F0B99DD22AE8258D004A5E28 /* ProfilePresenter.swift */ = {isa = PBXFileReference; lastKnownFileType = sourcecode.swift; path = ProfilePresenter.swift; sourceTree = "<group>"; };
		F0B99DD42AE84C0D004A5E28 /* ProfileViewTests.swift */ = {isa = PBXFileReference; lastKnownFileType = sourcecode.swift; path = ProfileViewTests.swift; sourceTree = "<group>"; };
		F0B99DD62AE851D6004A5E28 /* ProfilePresenterSpy.swift */ = {isa = PBXFileReference; lastKnownFileType = sourcecode.swift; path = ProfilePresenterSpy.swift; sourceTree = "<group>"; };
		F0B99DD82AE97E21004A5E28 /* ProfileViewControllerSpy.swift */ = {isa = PBXFileReference; lastKnownFileType = sourcecode.swift; path = ProfileViewControllerSpy.swift; sourceTree = "<group>"; };
		F0B99DDC2AEAD558004A5E28 /* ImageListPresenter.swift */ = {isa = PBXFileReference; lastKnownFileType = sourcecode.swift; path = ImageListPresenter.swift; sourceTree = "<group>"; };
		F0C8BDD02A79733400CE3EEA /* UIColor+Extensions.swift */ = {isa = PBXFileReference; lastKnownFileType = sourcecode.swift; path = "UIColor+Extensions.swift"; sourceTree = "<group>"; };
		F0C8BDD22A7980AC00CE3EEA /* ImagesListCell.swift */ = {isa = PBXFileReference; lastKnownFileType = sourcecode.swift; path = ImagesListCell.swift; sourceTree = "<group>"; };
		F0C8BDD62A7ADFC800CE3EEA /* YS Display-Bold.ttf */ = {isa = PBXFileReference; lastKnownFileType = file; path = "YS Display-Bold.ttf"; sourceTree = "<group>"; };
		F0C8BDD72A7ADFC800CE3EEA /* YS Display-Medium.ttf */ = {isa = PBXFileReference; lastKnownFileType = file; path = "YS Display-Medium.ttf"; sourceTree = "<group>"; };
		F0C8BDDA2A7AE13E00CE3EEA /* YS Regular.ttf */ = {isa = PBXFileReference; lastKnownFileType = file; path = "YS Regular.ttf"; sourceTree = "<group>"; };
		F0E746B32A88977E003CD450 /* ProfileViewController.swift */ = {isa = PBXFileReference; lastKnownFileType = sourcecode.swift; path = ProfileViewController.swift; sourceTree = "<group>"; };
		F0E746B52A8B2511003CD450 /* SingleImageViewController.swift */ = {isa = PBXFileReference; lastKnownFileType = sourcecode.swift; path = SingleImageViewController.swift; sourceTree = "<group>"; };
/* End PBXFileReference section */

/* Begin PBXFrameworksBuildPhase section */
		F017EC452A76693A00DF279F /* Frameworks */ = {
			isa = PBXFrameworksBuildPhase;
			buildActionMask = 2147483647;
			files = (
				F064B87E2ABCA70200C009A9 /* Kingfisher in Frameworks */,
				F064B8702AB375E200C009A9 /* ProgressHUD in Frameworks */,
				F064B8812ABCBF7600C009A9 /* SwiftKeychainWrapper in Frameworks */,
			);
			runOnlyForDeploymentPostprocessing = 0;
		};
		F0B99DBC2AE5A1D4004A5E28 /* Frameworks */ = {
			isa = PBXFrameworksBuildPhase;
			buildActionMask = 2147483647;
			files = (
			);
			runOnlyForDeploymentPostprocessing = 0;
		};
/* End PBXFrameworksBuildPhase section */

/* Begin PBXGroup section */
		F017EC3F2A76693A00DF279F = {
			isa = PBXGroup;
			children = (
				F017EC4A2A76693A00DF279F /* ImageFeed */,
				F0B99DC02AE5A1D4004A5E28 /* ImageFeedTests */,
				F017EC492A76693A00DF279F /* Products */,
			);
			sourceTree = "<group>";
		};
		F017EC492A76693A00DF279F /* Products */ = {
			isa = PBXGroup;
			children = (
				F017EC482A76693A00DF279F /* ImageFeed.app */,
				F0B99DBF2AE5A1D4004A5E28 /* ImageFeedTests.xctest */,
			);
			name = Products;
			sourceTree = "<group>";
		};
		F017EC4A2A76693A00DF279F /* ImageFeed */ = {
			isa = PBXGroup;
			children = (
				F0B99DAC2AD45CD1004A5E28 /* AlertPresenter */,
				F0B99D942AC48A08004A5E28 /* ImageListService */,
				F064B8752ABA13EE00C009A9 /* ProfileService */,
				F064B86D2AAA326900C009A9 /* OAuth */,
				F0B99D932AC09CFB004A5E28 /* SplashView */,
				F064B85C2AA3D33700C009A9 /* Auth */,
				F064B8592A9537C700C009A9 /* SingleImageView */,
				F064B8582A9537AD00C009A9 /* ProfileView */,
				F0C8BDD42A7980CF00CE3EEA /* ImagesList */,
				F0C8BDCF2A79731900CE3EEA /* Helpers */,
				F017EC4B2A76693A00DF279F /* AppDelegate.swift */,
				F017EC4D2A76693A00DF279F /* SceneDelegate.swift */,
				F017EC512A76693A00DF279F /* Main.storyboard */,
				F017EC592A76693D00DF279F /* Info.plist */,
				F0C8BD832A768B7B00CE3EEA /* Resources */,
				F064B85A2AA3C87300C009A9 /* AuthConfiguration.swift */,
				F064B8712AB7695900C009A9 /* UIBlockingProgressHUD.swift */,
				F064B8822AC07C5200C009A9 /* TabBarController.swift */,
				F0B99DB12AD5DBE6004A5E28 /* CookieService.swift */,
			);
			path = ImageFeed;
			sourceTree = "<group>";
		};
		F064B8582A9537AD00C009A9 /* ProfileView */ = {
			isa = PBXGroup;
			children = (
				F0E746B32A88977E003CD450 /* ProfileViewController.swift */,
				F0B99DD22AE8258D004A5E28 /* ProfilePresenter.swift */,
			);
			path = ProfileView;
			sourceTree = "<group>";
		};
		F064B8592A9537C700C009A9 /* SingleImageView */ = {
			isa = PBXGroup;
			children = (
				F0E746B52A8B2511003CD450 /* SingleImageViewController.swift */,
			);
			path = SingleImageView;
			sourceTree = "<group>";
		};
		F064B85C2AA3D33700C009A9 /* Auth */ = {
			isa = PBXGroup;
			children = (
				F0B99DB52AE54506004A5E28 /* WebViewPresenter.swift */,
				F064B85D2AA3D34A00C009A9 /* AuthViewController.swift */,
				F064B85F2AA3D4D400C009A9 /* WebViewViewController.swift */,
			);
			path = Auth;
			sourceTree = "<group>";
		};
		F064B86D2AAA326900C009A9 /* OAuth */ = {
			isa = PBXGroup;
			children = (
				F064B8632AA7857500C009A9 /* OAuth2Service.swift */,
				F064B8692AA7B3DC00C009A9 /* OAuth2TokenStorage.swift */,
				F064B8612AA783D800C009A9 /* OAuthTokenResponseBody.swift */,
			);
			path = OAuth;
			sourceTree = "<group>";
		};
		F064B8752ABA13EE00C009A9 /* ProfileService */ = {
			isa = PBXGroup;
			children = (
				F064B8732AB77E5C00C009A9 /* ProfileService.swift */,
				F064B8762ABA142700C009A9 /* Profile.swift */,
				F064B8782ABA146C00C009A9 /* ProfileResult.swift */,
				F064B87A2ABA210900C009A9 /* ProfileImageService.swift */,
			);
			path = ProfileService;
			sourceTree = "<group>";
		};
		F0B99D932AC09CFB004A5E28 /* SplashView */ = {
			isa = PBXGroup;
			children = (
				F064B86B2AA9080F00C009A9 /* SplashViewController.swift */,
			);
			path = SplashView;
			sourceTree = "<group>";
		};
		F0B99D942AC48A08004A5E28 /* ImageListService */ = {
			isa = PBXGroup;
			children = (
				F0B99D952AC48A27004A5E28 /* ImageListService.swift */,
				F0B99D972AC48D58004A5E28 /* Photo.swift */,
				F0B99D992AC4AFF2004A5E28 /* PhotoResult.swift */,
				F0B99D9B2AC4B0DA004A5E28 /* UrlsResult.swift */,
				F0B99DAA2AD34267004A5E28 /* SinglePhoto.swift */,
			);
			path = ImageListService;
			sourceTree = "<group>";
		};
		F0B99DAC2AD45CD1004A5E28 /* AlertPresenter */ = {
			isa = PBXGroup;
			children = (
				F0B99DAD2AD45CE8004A5E28 /* AlertPresenter.swift */,
				F0B99DAF2AD45DAD004A5E28 /* AlertModel.swift */,
			);
			path = AlertPresenter;
			sourceTree = "<group>";
		};
		F0B99DC02AE5A1D4004A5E28 /* ImageFeedTests */ = {
			isa = PBXGroup;
			children = (
				F0B99DC12AE5A1D4004A5E28 /* WebViewTests.swift */,
				F0B99DCA2AE5AAC5004A5E28 /* WebViewViewControllerSpy.swift */,
				F0B99DC82AE5A52D004A5E28 /* WebViewPresenterSpy.swift */,
				F0B99DD42AE84C0D004A5E28 /* ProfileViewTests.swift */,
				F0B99DD62AE851D6004A5E28 /* ProfilePresenterSpy.swift */,
				F0B99DD82AE97E21004A5E28 /* ProfileViewControllerSpy.swift */,
			);
			path = ImageFeedTests;
			sourceTree = "<group>";
		};
		F0C8BD832A768B7B00CE3EEA /* Resources */ = {
			isa = PBXGroup;
			children = (
				F0C8BDD52A7ADFC800CE3EEA /* Fonts */,
				F017EC562A76693D00DF279F /* LaunchScreen.storyboard */,
				F017EC542A76693D00DF279F /* Assets.xcassets */,
			);
			path = Resources;
			sourceTree = "<group>";
		};
		F0C8BDCF2A79731900CE3EEA /* Helpers */ = {
			isa = PBXGroup;
			children = (
				F0C8BDD02A79733400CE3EEA /* UIColor+Extensions.swift */,
				F064B8652AA790DF00C009A9 /* URLRequest+Extensions.swift */,
				F064B8672AA7938B00C009A9 /* URLSession+Extensions.swift */,
				F0B99DB32ADEE323004A5E28 /* ImageFeedDateFormatter.swift */,
				F0B99DB92AE59933004A5E28 /* AuthHelper.swift */,
			);
			path = Helpers;
			sourceTree = "<group>";
		};
		F0C8BDD42A7980CF00CE3EEA /* ImagesList */ = {
			isa = PBXGroup;
			children = (
				F017EC4F2A76693A00DF279F /* ImagesListViewController.swift */,
				F0C8BDD22A7980AC00CE3EEA /* ImagesListCell.swift */,
				F0B99DDC2AEAD558004A5E28 /* ImageListPresenter.swift */,
			);
			path = ImagesList;
			sourceTree = "<group>";
		};
		F0C8BDD52A7ADFC800CE3EEA /* Fonts */ = {
			isa = PBXGroup;
			children = (
				F0C8BDDA2A7AE13E00CE3EEA /* YS Regular.ttf */,
				F0C8BDD62A7ADFC800CE3EEA /* YS Display-Bold.ttf */,
				F0C8BDD72A7ADFC800CE3EEA /* YS Display-Medium.ttf */,
			);
			path = Fonts;
			sourceTree = "<group>";
		};
/* End PBXGroup section */

/* Begin PBXNativeTarget section */
		F017EC472A76693A00DF279F /* ImageFeed */ = {
			isa = PBXNativeTarget;
			buildConfigurationList = F017EC5C2A76693D00DF279F /* Build configuration list for PBXNativeTarget "ImageFeed" */;
			buildPhases = (
				F017EC442A76693A00DF279F /* Sources */,
				F017EC452A76693A00DF279F /* Frameworks */,
				F017EC462A76693A00DF279F /* Resources */,
			);
			buildRules = (
			);
			dependencies = (
			);
			name = ImageFeed;
			packageProductDependencies = (
				F064B86F2AB375E200C009A9 /* ProgressHUD */,
				F064B87D2ABCA70200C009A9 /* Kingfisher */,
				F064B8802ABCBF7600C009A9 /* SwiftKeychainWrapper */,
			);
			productName = ImageFeed;
			productReference = F017EC482A76693A00DF279F /* ImageFeed.app */;
			productType = "com.apple.product-type.application";
		};
		F0B99DBE2AE5A1D4004A5E28 /* ImageFeedTests */ = {
			isa = PBXNativeTarget;
			buildConfigurationList = F0B99DC52AE5A1D5004A5E28 /* Build configuration list for PBXNativeTarget "ImageFeedTests" */;
			buildPhases = (
				F0B99DBB2AE5A1D4004A5E28 /* Sources */,
				F0B99DBC2AE5A1D4004A5E28 /* Frameworks */,
				F0B99DBD2AE5A1D4004A5E28 /* Resources */,
			);
			buildRules = (
			);
			dependencies = (
				F0B99DC42AE5A1D5004A5E28 /* PBXTargetDependency */,
			);
			name = ImageFeedTests;
			productName = ImageFeedTests;
			productReference = F0B99DBF2AE5A1D4004A5E28 /* ImageFeedTests.xctest */;
			productType = "com.apple.product-type.bundle.unit-test";
		};
/* End PBXNativeTarget section */

/* Begin PBXProject section */
		F017EC402A76693A00DF279F /* Project object */ = {
			isa = PBXProject;
			attributes = {
				BuildIndependentTargetsInParallel = 1;
				LastSwiftUpdateCheck = 1430;
				LastUpgradeCheck = 1430;
				TargetAttributes = {
					F017EC472A76693A00DF279F = {
						CreatedOnToolsVersion = 14.3.1;
					};
					F0B99DBE2AE5A1D4004A5E28 = {
						CreatedOnToolsVersion = 14.3.1;
						TestTargetID = F017EC472A76693A00DF279F;
					};
				};
			};
			buildConfigurationList = F017EC432A76693A00DF279F /* Build configuration list for PBXProject "ImageFeed" */;
			compatibilityVersion = "Xcode 14.0";
			developmentRegion = en;
			hasScannedForEncodings = 0;
			knownRegions = (
				en,
				Base,
			);
			mainGroup = F017EC3F2A76693A00DF279F;
			packageReferences = (
				F064B86E2AB375E200C009A9 /* XCRemoteSwiftPackageReference "ProgressHUD" */,
				F064B87C2ABCA70100C009A9 /* XCRemoteSwiftPackageReference "Kingfisher" */,
				F064B87F2ABCBF7600C009A9 /* XCRemoteSwiftPackageReference "SwiftKeychainWrapper" */,
			);
			productRefGroup = F017EC492A76693A00DF279F /* Products */;
			projectDirPath = "";
			projectRoot = "";
			targets = (
				F017EC472A76693A00DF279F /* ImageFeed */,
				F0B99DBE2AE5A1D4004A5E28 /* ImageFeedTests */,
			);
		};
/* End PBXProject section */

/* Begin PBXResourcesBuildPhase section */
		F017EC462A76693A00DF279F /* Resources */ = {
			isa = PBXResourcesBuildPhase;
			buildActionMask = 2147483647;
			files = (
				F0C8BDD92A7ADFC900CE3EEA /* YS Display-Medium.ttf in Resources */,
				F0C8BDD82A7ADFC900CE3EEA /* YS Display-Bold.ttf in Resources */,
				F017EC582A76693D00DF279F /* LaunchScreen.storyboard in Resources */,
				F017EC552A76693D00DF279F /* Assets.xcassets in Resources */,
				F0C8BDDB2A7AE13E00CE3EEA /* YS Regular.ttf in Resources */,
				F017EC532A76693A00DF279F /* Main.storyboard in Resources */,
			);
			runOnlyForDeploymentPostprocessing = 0;
		};
		F0B99DBD2AE5A1D4004A5E28 /* Resources */ = {
			isa = PBXResourcesBuildPhase;
			buildActionMask = 2147483647;
			files = (
			);
			runOnlyForDeploymentPostprocessing = 0;
		};
/* End PBXResourcesBuildPhase section */

/* Begin PBXSourcesBuildPhase section */
		F017EC442A76693A00DF279F /* Sources */ = {
			isa = PBXSourcesBuildPhase;
			buildActionMask = 2147483647;
			files = (
				F0B99D982AC48D58004A5E28 /* Photo.swift in Sources */,
				F064B8662AA790DF00C009A9 /* URLRequest+Extensions.swift in Sources */,
				F0B99DB62AE54506004A5E28 /* WebViewPresenter.swift in Sources */,
				F0B99D962AC48A27004A5E28 /* ImageListService.swift in Sources */,
				F064B8602AA3D4D400C009A9 /* WebViewViewController.swift in Sources */,
				F064B8832AC07C5200C009A9 /* TabBarController.swift in Sources */,
				F0B99DDD2AEAD558004A5E28 /* ImageListPresenter.swift in Sources */,
				F0E746B42A88977E003CD450 /* ProfileViewController.swift in Sources */,
				F0B99DAB2AD34268004A5E28 /* SinglePhoto.swift in Sources */,
				F064B8642AA7857500C009A9 /* OAuth2Service.swift in Sources */,
				F017EC502A76693A00DF279F /* ImagesListViewController.swift in Sources */,
				F0B99DD32AE8258D004A5E28 /* ProfilePresenter.swift in Sources */,
				F0B99DB42ADEE323004A5E28 /* ImageFeedDateFormatter.swift in Sources */,
				F017EC4C2A76693A00DF279F /* AppDelegate.swift in Sources */,
				F064B8622AA783D800C009A9 /* OAuthTokenResponseBody.swift in Sources */,
				F0B99DB22AD5DBE6004A5E28 /* CookieService.swift in Sources */,
				F0E746B62A8B2512003CD450 /* SingleImageViewController.swift in Sources */,
				F0B99D9A2AC4AFF2004A5E28 /* PhotoResult.swift in Sources */,
				F0C8BDD32A7980AC00CE3EEA /* ImagesListCell.swift in Sources */,
				F017EC4E2A76693A00DF279F /* SceneDelegate.swift in Sources */,
				F0B99DAE2AD45CE8004A5E28 /* AlertPresenter.swift in Sources */,
				F0C8BDD12A79733400CE3EEA /* UIColor+Extensions.swift in Sources */,
				F064B8742AB77E5C00C009A9 /* ProfileService.swift in Sources */,
				F064B85E2AA3D34A00C009A9 /* AuthViewController.swift in Sources */,
				F064B86A2AA7B3DC00C009A9 /* OAuth2TokenStorage.swift in Sources */,
				F064B8682AA7938B00C009A9 /* URLSession+Extensions.swift in Sources */,
				F064B87B2ABA210900C009A9 /* ProfileImageService.swift in Sources */,
				F064B85B2AA3C87300C009A9 /* AuthConfiguration.swift in Sources */,
				F064B8772ABA142700C009A9 /* Profile.swift in Sources */,
				F064B86C2AA9080F00C009A9 /* SplashViewController.swift in Sources */,
				F064B8792ABA146C00C009A9 /* ProfileResult.swift in Sources */,
				F0B99DBA2AE59933004A5E28 /* AuthHelper.swift in Sources */,
				F0B99DB02AD45DAD004A5E28 /* AlertModel.swift in Sources */,
				F0B99D9C2AC4B0DA004A5E28 /* UrlsResult.swift in Sources */,
				F064B8722AB7695A00C009A9 /* UIBlockingProgressHUD.swift in Sources */,
			);
			runOnlyForDeploymentPostprocessing = 0;
		};
		F0B99DBB2AE5A1D4004A5E28 /* Sources */ = {
			isa = PBXSourcesBuildPhase;
			buildActionMask = 2147483647;
			files = (
				F0B99DD52AE84C0D004A5E28 /* ProfileViewTests.swift in Sources */,
				F0B99DD72AE851D6004A5E28 /* ProfilePresenterSpy.swift in Sources */,
				F0B99DC22AE5A1D5004A5E28 /* WebViewTests.swift in Sources */,
				F0B99DD02AE6CC5B004A5E28 /* WebViewViewControllerSpy.swift in Sources */,
				F0B99DD12AE6CC61004A5E28 /* WebViewPresenterSpy.swift in Sources */,
				F0B99DD92AE97E21004A5E28 /* ProfileViewControllerSpy.swift in Sources */,
			);
			runOnlyForDeploymentPostprocessing = 0;
		};
/* End PBXSourcesBuildPhase section */

/* Begin PBXTargetDependency section */
		F0B99DC42AE5A1D5004A5E28 /* PBXTargetDependency */ = {
			isa = PBXTargetDependency;
			target = F017EC472A76693A00DF279F /* ImageFeed */;
			targetProxy = F0B99DC32AE5A1D5004A5E28 /* PBXContainerItemProxy */;
		};
/* End PBXTargetDependency section */

/* Begin PBXVariantGroup section */
		F017EC512A76693A00DF279F /* Main.storyboard */ = {
			isa = PBXVariantGroup;
			children = (
				F017EC522A76693A00DF279F /* Base */,
			);
			name = Main.storyboard;
			sourceTree = "<group>";
		};
		F017EC562A76693D00DF279F /* LaunchScreen.storyboard */ = {
			isa = PBXVariantGroup;
			children = (
				F017EC572A76693D00DF279F /* Base */,
			);
			name = LaunchScreen.storyboard;
			sourceTree = "<group>";
		};
/* End PBXVariantGroup section */

/* Begin XCBuildConfiguration section */
		F017EC5A2A76693D00DF279F /* Debug */ = {
			isa = XCBuildConfiguration;
			buildSettings = {
				ALWAYS_SEARCH_USER_PATHS = NO;
				CLANG_ANALYZER_NONNULL = YES;
				CLANG_ANALYZER_NUMBER_OBJECT_CONVERSION = YES_AGGRESSIVE;
				CLANG_CXX_LANGUAGE_STANDARD = "gnu++20";
				CLANG_ENABLE_MODULES = YES;
				CLANG_ENABLE_OBJC_ARC = YES;
				CLANG_ENABLE_OBJC_WEAK = YES;
				CLANG_WARN_BLOCK_CAPTURE_AUTORELEASING = YES;
				CLANG_WARN_BOOL_CONVERSION = YES;
				CLANG_WARN_COMMA = YES;
				CLANG_WARN_CONSTANT_CONVERSION = YES;
				CLANG_WARN_DEPRECATED_OBJC_IMPLEMENTATIONS = YES;
				CLANG_WARN_DIRECT_OBJC_ISA_USAGE = YES_ERROR;
				CLANG_WARN_DOCUMENTATION_COMMENTS = YES;
				CLANG_WARN_EMPTY_BODY = YES;
				CLANG_WARN_ENUM_CONVERSION = YES;
				CLANG_WARN_INFINITE_RECURSION = YES;
				CLANG_WARN_INT_CONVERSION = YES;
				CLANG_WARN_NON_LITERAL_NULL_CONVERSION = YES;
				CLANG_WARN_OBJC_IMPLICIT_RETAIN_SELF = YES;
				CLANG_WARN_OBJC_LITERAL_CONVERSION = YES;
				CLANG_WARN_OBJC_ROOT_CLASS = YES_ERROR;
				CLANG_WARN_QUOTED_INCLUDE_IN_FRAMEWORK_HEADER = YES;
				CLANG_WARN_RANGE_LOOP_ANALYSIS = YES;
				CLANG_WARN_STRICT_PROTOTYPES = YES;
				CLANG_WARN_SUSPICIOUS_MOVE = YES;
				CLANG_WARN_UNGUARDED_AVAILABILITY = YES_AGGRESSIVE;
				CLANG_WARN_UNREACHABLE_CODE = YES;
				CLANG_WARN__DUPLICATE_METHOD_MATCH = YES;
				COPY_PHASE_STRIP = NO;
				DEBUG_INFORMATION_FORMAT = dwarf;
				ENABLE_STRICT_OBJC_MSGSEND = YES;
				ENABLE_TESTABILITY = YES;
				GCC_C_LANGUAGE_STANDARD = gnu11;
				GCC_DYNAMIC_NO_PIC = NO;
				GCC_NO_COMMON_BLOCKS = YES;
				GCC_OPTIMIZATION_LEVEL = 0;
				GCC_PREPROCESSOR_DEFINITIONS = (
					"DEBUG=1",
					"$(inherited)",
				);
				GCC_WARN_64_TO_32_BIT_CONVERSION = YES;
				GCC_WARN_ABOUT_RETURN_TYPE = YES_ERROR;
				GCC_WARN_UNDECLARED_SELECTOR = YES;
				GCC_WARN_UNINITIALIZED_AUTOS = YES_AGGRESSIVE;
				GCC_WARN_UNUSED_FUNCTION = YES;
				GCC_WARN_UNUSED_VARIABLE = YES;
				IPHONEOS_DEPLOYMENT_TARGET = 16.4;
				MTL_ENABLE_DEBUG_INFO = INCLUDE_SOURCE;
				MTL_FAST_MATH = YES;
				ONLY_ACTIVE_ARCH = YES;
				SDKROOT = iphoneos;
				SWIFT_ACTIVE_COMPILATION_CONDITIONS = DEBUG;
				SWIFT_OPTIMIZATION_LEVEL = "-Onone";
			};
			name = Debug;
		};
		F017EC5B2A76693D00DF279F /* Release */ = {
			isa = XCBuildConfiguration;
			buildSettings = {
				ALWAYS_SEARCH_USER_PATHS = NO;
				CLANG_ANALYZER_NONNULL = YES;
				CLANG_ANALYZER_NUMBER_OBJECT_CONVERSION = YES_AGGRESSIVE;
				CLANG_CXX_LANGUAGE_STANDARD = "gnu++20";
				CLANG_ENABLE_MODULES = YES;
				CLANG_ENABLE_OBJC_ARC = YES;
				CLANG_ENABLE_OBJC_WEAK = YES;
				CLANG_WARN_BLOCK_CAPTURE_AUTORELEASING = YES;
				CLANG_WARN_BOOL_CONVERSION = YES;
				CLANG_WARN_COMMA = YES;
				CLANG_WARN_CONSTANT_CONVERSION = YES;
				CLANG_WARN_DEPRECATED_OBJC_IMPLEMENTATIONS = YES;
				CLANG_WARN_DIRECT_OBJC_ISA_USAGE = YES_ERROR;
				CLANG_WARN_DOCUMENTATION_COMMENTS = YES;
				CLANG_WARN_EMPTY_BODY = YES;
				CLANG_WARN_ENUM_CONVERSION = YES;
				CLANG_WARN_INFINITE_RECURSION = YES;
				CLANG_WARN_INT_CONVERSION = YES;
				CLANG_WARN_NON_LITERAL_NULL_CONVERSION = YES;
				CLANG_WARN_OBJC_IMPLICIT_RETAIN_SELF = YES;
				CLANG_WARN_OBJC_LITERAL_CONVERSION = YES;
				CLANG_WARN_OBJC_ROOT_CLASS = YES_ERROR;
				CLANG_WARN_QUOTED_INCLUDE_IN_FRAMEWORK_HEADER = YES;
				CLANG_WARN_RANGE_LOOP_ANALYSIS = YES;
				CLANG_WARN_STRICT_PROTOTYPES = YES;
				CLANG_WARN_SUSPICIOUS_MOVE = YES;
				CLANG_WARN_UNGUARDED_AVAILABILITY = YES_AGGRESSIVE;
				CLANG_WARN_UNREACHABLE_CODE = YES;
				CLANG_WARN__DUPLICATE_METHOD_MATCH = YES;
				COPY_PHASE_STRIP = NO;
				DEBUG_INFORMATION_FORMAT = "dwarf-with-dsym";
				ENABLE_NS_ASSERTIONS = NO;
				ENABLE_STRICT_OBJC_MSGSEND = YES;
				GCC_C_LANGUAGE_STANDARD = gnu11;
				GCC_NO_COMMON_BLOCKS = YES;
				GCC_WARN_64_TO_32_BIT_CONVERSION = YES;
				GCC_WARN_ABOUT_RETURN_TYPE = YES_ERROR;
				GCC_WARN_UNDECLARED_SELECTOR = YES;
				GCC_WARN_UNINITIALIZED_AUTOS = YES_AGGRESSIVE;
				GCC_WARN_UNUSED_FUNCTION = YES;
				GCC_WARN_UNUSED_VARIABLE = YES;
				IPHONEOS_DEPLOYMENT_TARGET = 16.4;
				MTL_ENABLE_DEBUG_INFO = NO;
				MTL_FAST_MATH = YES;
				SDKROOT = iphoneos;
				SWIFT_COMPILATION_MODE = wholemodule;
				SWIFT_OPTIMIZATION_LEVEL = "-O";
				VALIDATE_PRODUCT = YES;
			};
			name = Release;
		};
		F017EC5D2A76693D00DF279F /* Debug */ = {
			isa = XCBuildConfiguration;
			buildSettings = {
				ASSETCATALOG_COMPILER_APPICON_NAME = AppIcon;
				ASSETCATALOG_COMPILER_GLOBAL_ACCENT_COLOR_NAME = AccentColor;
				CODE_SIGN_STYLE = Automatic;
				CURRENT_PROJECT_VERSION = 1;
				DEVELOPMENT_TEAM = 3SG3MUV83U;
				GENERATE_INFOPLIST_FILE = YES;
				INFOPLIST_FILE = ImageFeed/Info.plist;
				INFOPLIST_KEY_UIApplicationSupportsIndirectInputEvents = YES;
				INFOPLIST_KEY_UILaunchStoryboardName = LaunchScreen;
				INFOPLIST_KEY_UIMainStoryboardFile = Main;
				INFOPLIST_KEY_UIStatusBarStyle = UIStatusBarStyleLightContent;
				INFOPLIST_KEY_UISupportedInterfaceOrientations = UIInterfaceOrientationPortrait;
				INFOPLIST_KEY_UISupportedInterfaceOrientations_iPad = "UIInterfaceOrientationLandscapeLeft UIInterfaceOrientationLandscapeRight UIInterfaceOrientationPortrait UIInterfaceOrientationPortraitUpsideDown";
				IPHONEOS_DEPLOYMENT_TARGET = 13.0;
				LD_RUNPATH_SEARCH_PATHS = (
					"$(inherited)",
					"@executable_path/Frameworks",
				);
				MARKETING_VERSION = 1.0;
				PRODUCT_BUNDLE_IDENTIFIER = BogdanFartdinov.ImageFeed;
				PRODUCT_NAME = "$(TARGET_NAME)";
				SUPPORTED_PLATFORMS = "iphoneos iphonesimulator";
				SUPPORTS_MACCATALYST = NO;
				SUPPORTS_MAC_DESIGNED_FOR_IPHONE_IPAD = YES;
				SWIFT_EMIT_LOC_STRINGS = YES;
				SWIFT_VERSION = 5.0;
				TARGETED_DEVICE_FAMILY = 1;
			};
			name = Debug;
		};
		F017EC5E2A76693D00DF279F /* Release */ = {
			isa = XCBuildConfiguration;
			buildSettings = {
				ASSETCATALOG_COMPILER_APPICON_NAME = AppIcon;
				ASSETCATALOG_COMPILER_GLOBAL_ACCENT_COLOR_NAME = AccentColor;
				CODE_SIGN_STYLE = Automatic;
				CURRENT_PROJECT_VERSION = 1;
				DEVELOPMENT_TEAM = 3SG3MUV83U;
				GENERATE_INFOPLIST_FILE = YES;
				INFOPLIST_FILE = ImageFeed/Info.plist;
				INFOPLIST_KEY_UIApplicationSupportsIndirectInputEvents = YES;
				INFOPLIST_KEY_UILaunchStoryboardName = LaunchScreen;
				INFOPLIST_KEY_UIMainStoryboardFile = Main;
				INFOPLIST_KEY_UIStatusBarStyle = UIStatusBarStyleLightContent;
				INFOPLIST_KEY_UISupportedInterfaceOrientations = UIInterfaceOrientationPortrait;
				INFOPLIST_KEY_UISupportedInterfaceOrientations_iPad = "UIInterfaceOrientationLandscapeLeft UIInterfaceOrientationLandscapeRight UIInterfaceOrientationPortrait UIInterfaceOrientationPortraitUpsideDown";
				IPHONEOS_DEPLOYMENT_TARGET = 13.0;
				LD_RUNPATH_SEARCH_PATHS = (
					"$(inherited)",
					"@executable_path/Frameworks",
				);
				MARKETING_VERSION = 1.0;
				PRODUCT_BUNDLE_IDENTIFIER = BogdanFartdinov.ImageFeed;
				PRODUCT_NAME = "$(TARGET_NAME)";
				SUPPORTED_PLATFORMS = "iphoneos iphonesimulator";
				SUPPORTS_MACCATALYST = NO;
				SUPPORTS_MAC_DESIGNED_FOR_IPHONE_IPAD = YES;
				SWIFT_EMIT_LOC_STRINGS = YES;
				SWIFT_VERSION = 5.0;
				TARGETED_DEVICE_FAMILY = 1;
			};
			name = Release;
		};
		F0B99DC62AE5A1D5004A5E28 /* Debug */ = {
			isa = XCBuildConfiguration;
			buildSettings = {
				BUNDLE_LOADER = "$(TEST_HOST)";
				CODE_SIGN_STYLE = Automatic;
				CURRENT_PROJECT_VERSION = 1;
				DEVELOPMENT_TEAM = 3SG3MUV83U;
				GENERATE_INFOPLIST_FILE = YES;
				MARKETING_VERSION = 1.0;
				PRODUCT_BUNDLE_IDENTIFIER = BogdanFartdinov.ImageFeedTests;
				PRODUCT_NAME = "$(TARGET_NAME)";
				SWIFT_EMIT_LOC_STRINGS = NO;
				SWIFT_VERSION = 5.0;
				TARGETED_DEVICE_FAMILY = "1,2";
				TEST_HOST = "$(BUILT_PRODUCTS_DIR)/ImageFeed.app/$(BUNDLE_EXECUTABLE_FOLDER_PATH)/ImageFeed";
			};
			name = Debug;
		};
		F0B99DC72AE5A1D5004A5E28 /* Release */ = {
			isa = XCBuildConfiguration;
			buildSettings = {
				BUNDLE_LOADER = "$(TEST_HOST)";
				CODE_SIGN_STYLE = Automatic;
				CURRENT_PROJECT_VERSION = 1;
				DEVELOPMENT_TEAM = 3SG3MUV83U;
				GENERATE_INFOPLIST_FILE = YES;
				MARKETING_VERSION = 1.0;
				PRODUCT_BUNDLE_IDENTIFIER = BogdanFartdinov.ImageFeedTests;
				PRODUCT_NAME = "$(TARGET_NAME)";
				SWIFT_EMIT_LOC_STRINGS = NO;
				SWIFT_VERSION = 5.0;
				TARGETED_DEVICE_FAMILY = "1,2";
				TEST_HOST = "$(BUILT_PRODUCTS_DIR)/ImageFeed.app/$(BUNDLE_EXECUTABLE_FOLDER_PATH)/ImageFeed";
			};
			name = Release;
		};
/* End XCBuildConfiguration section */

/* Begin XCConfigurationList section */
		F017EC432A76693A00DF279F /* Build configuration list for PBXProject "ImageFeed" */ = {
			isa = XCConfigurationList;
			buildConfigurations = (
				F017EC5A2A76693D00DF279F /* Debug */,
				F017EC5B2A76693D00DF279F /* Release */,
			);
			defaultConfigurationIsVisible = 0;
			defaultConfigurationName = Release;
		};
		F017EC5C2A76693D00DF279F /* Build configuration list for PBXNativeTarget "ImageFeed" */ = {
			isa = XCConfigurationList;
			buildConfigurations = (
				F017EC5D2A76693D00DF279F /* Debug */,
				F017EC5E2A76693D00DF279F /* Release */,
			);
			defaultConfigurationIsVisible = 0;
			defaultConfigurationName = Release;
		};
		F0B99DC52AE5A1D5004A5E28 /* Build configuration list for PBXNativeTarget "ImageFeedTests" */ = {
			isa = XCConfigurationList;
			buildConfigurations = (
				F0B99DC62AE5A1D5004A5E28 /* Debug */,
				F0B99DC72AE5A1D5004A5E28 /* Release */,
			);
			defaultConfigurationIsVisible = 0;
			defaultConfigurationName = Release;
		};
/* End XCConfigurationList section */

/* Begin XCRemoteSwiftPackageReference section */
		F064B86E2AB375E200C009A9 /* XCRemoteSwiftPackageReference "ProgressHUD" */ = {
			isa = XCRemoteSwiftPackageReference;
			repositoryURL = "https://github.com/relatedcode/ProgressHUD";
			requirement = {
				kind = upToNextMajorVersion;
				minimumVersion = 13.0.0;
			};
		};
		F064B87C2ABCA70100C009A9 /* XCRemoteSwiftPackageReference "Kingfisher" */ = {
			isa = XCRemoteSwiftPackageReference;
			repositoryURL = "https://github.com/onevcat/Kingfisher";
			requirement = {
				kind = upToNextMajorVersion;
				minimumVersion = 7.0.0;
			};
		};
		F064B87F2ABCBF7600C009A9 /* XCRemoteSwiftPackageReference "SwiftKeychainWrapper" */ = {
			isa = XCRemoteSwiftPackageReference;
			repositoryURL = "https://github.com/jrendel/SwiftKeychainWrapper";
			requirement = {
				kind = upToNextMajorVersion;
				minimumVersion = 4.0.0;
			};
		};
/* End XCRemoteSwiftPackageReference section */

/* Begin XCSwiftPackageProductDependency section */
		F064B86F2AB375E200C009A9 /* ProgressHUD */ = {
			isa = XCSwiftPackageProductDependency;
			package = F064B86E2AB375E200C009A9 /* XCRemoteSwiftPackageReference "ProgressHUD" */;
			productName = ProgressHUD;
		};
		F064B87D2ABCA70200C009A9 /* Kingfisher */ = {
			isa = XCSwiftPackageProductDependency;
			package = F064B87C2ABCA70100C009A9 /* XCRemoteSwiftPackageReference "Kingfisher" */;
			productName = Kingfisher;
		};
		F064B8802ABCBF7600C009A9 /* SwiftKeychainWrapper */ = {
			isa = XCSwiftPackageProductDependency;
			package = F064B87F2ABCBF7600C009A9 /* XCRemoteSwiftPackageReference "SwiftKeychainWrapper" */;
			productName = SwiftKeychainWrapper;
		};
/* End XCSwiftPackageProductDependency section */
	};
	rootObject = F017EC402A76693A00DF279F /* Project object */;
}
